// !$*UTF8*$!
{
	archiveVersion = 1;
	classes = {
	};
	objectVersion = 46;
	objects = {

/* Begin PBXBuildFile section */
		EC658D0518E67FE00056318D /* Foundation.framework in Frameworks */ = {isa = PBXBuildFile; fileRef = EC658D0418E67FE00056318D /* Foundation.framework */; };
		EC658D0718E67FE00056318D /* CoreGraphics.framework in Frameworks */ = {isa = PBXBuildFile; fileRef = EC658D0618E67FE00056318D /* CoreGraphics.framework */; };
		EC658D0918E67FE00056318D /* UIKit.framework in Frameworks */ = {isa = PBXBuildFile; fileRef = EC658D0818E67FE00056318D /* UIKit.framework */; };
		EC658D0F18E67FE00056318D /* InfoPlist.strings in Resources */ = {isa = PBXBuildFile; fileRef = EC658D0D18E67FE00056318D /* InfoPlist.strings */; };
		EC658D1118E67FE00056318D /* main.m in Sources */ = {isa = PBXBuildFile; fileRef = EC658D1018E67FE00056318D /* main.m */; };
		EC658D1518E67FE00056318D /* _66AppDelegate.m in Sources */ = {isa = PBXBuildFile; fileRef = EC658D1418E67FE00056318D /* _66AppDelegate.m */; };
		EC658D1818E67FE00056318D /* Main_iPhone.storyboard in Resources */ = {isa = PBXBuildFile; fileRef = EC658D1618E67FE00056318D /* Main_iPhone.storyboard */; };
		EC658D1B18E67FE00056318D /* Main_iPad.storyboard in Resources */ = {isa = PBXBuildFile; fileRef = EC658D1918E67FE00056318D /* Main_iPad.storyboard */; };
		EC658D1E18E67FE00056318D /* _66ViewController.m in Sources */ = {isa = PBXBuildFile; fileRef = EC658D1D18E67FE00056318D /* _66ViewController.m */; };
		EC658D2018E67FE00056318D /* Images.xcassets in Resources */ = {isa = PBXBuildFile; fileRef = EC658D1F18E67FE00056318D /* Images.xcassets */; };
		EC658D2718E67FE00056318D /* XCTest.framework in Frameworks */ = {isa = PBXBuildFile; fileRef = EC658D2618E67FE00056318D /* XCTest.framework */; };
		EC658D2818E67FE00056318D /* Foundation.framework in Frameworks */ = {isa = PBXBuildFile; fileRef = EC658D0418E67FE00056318D /* Foundation.framework */; };
		EC658D2918E67FE00056318D /* UIKit.framework in Frameworks */ = {isa = PBXBuildFile; fileRef = EC658D0818E67FE00056318D /* UIKit.framework */; };
		EC658D3118E67FE00056318D /* InfoPlist.strings in Resources */ = {isa = PBXBuildFile; fileRef = EC658D2F18E67FE00056318D /* InfoPlist.strings */; };
		EC658D3318E67FE00056318D /* HackatonTests.m in Sources */ = {isa = PBXBuildFile; fileRef = EC658D3218E67FE00056318D /* HackatonTests.m */; };
/* End PBXBuildFile section */

/* Begin PBXContainerItemProxy section */
		EC658D2A18E67FE00056318D /* PBXContainerItemProxy */ = {
			isa = PBXContainerItemProxy;
			containerPortal = EC658CF918E67FDF0056318D /* Project object */;
			proxyType = 1;
			remoteGlobalIDString = EC658D0018E67FE00056318D;
			remoteInfo = Hackaton;
		};
/* End PBXContainerItemProxy section */

/* Begin PBXFileReference section */
		EC658D0118E67FE00056318D /* Hackaton.app */ = {isa = PBXFileReference; explicitFileType = wrapper.application; includeInIndex = 0; path = Hackaton.app; sourceTree = BUILT_PRODUCTS_DIR; };
		EC658D0418E67FE00056318D /* Foundation.framework */ = {isa = PBXFileReference; lastKnownFileType = wrapper.framework; name = Foundation.framework; path = System/Library/Frameworks/Foundation.framework; sourceTree = SDKROOT; };
		EC658D0618E67FE00056318D /* CoreGraphics.framework */ = {isa = PBXFileReference; lastKnownFileType = wrapper.framework; name = CoreGraphics.framework; path = System/Library/Frameworks/CoreGraphics.framework; sourceTree = SDKROOT; };
		EC658D0818E67FE00056318D /* UIKit.framework */ = {isa = PBXFileReference; lastKnownFileType = wrapper.framework; name = UIKit.framework; path = System/Library/Frameworks/UIKit.framework; sourceTree = SDKROOT; };
		EC658D0C18E67FE00056318D /* Hackaton-Info.plist */ = {isa = PBXFileReference; lastKnownFileType = text.plist.xml; path = "Hackaton-Info.plist"; sourceTree = "<group>"; };
		EC658D0E18E67FE00056318D /* en */ = {isa = PBXFileReference; lastKnownFileType = text.plist.strings; name = en; path = en.lproj/InfoPlist.strings; sourceTree = "<group>"; };
		EC658D1018E67FE00056318D /* main.m */ = {isa = PBXFileReference; lastKnownFileType = sourcecode.c.objc; path = main.m; sourceTree = "<group>"; };
		EC658D1218E67FE00056318D /* Hackaton-Prefix.pch */ = {isa = PBXFileReference; lastKnownFileType = sourcecode.c.h; path = "Hackaton-Prefix.pch"; sourceTree = "<group>"; };
		EC658D1318E67FE00056318D /* _66AppDelegate.h */ = {isa = PBXFileReference; lastKnownFileType = sourcecode.c.h; path = _66AppDelegate.h; sourceTree = "<group>"; };
		EC658D1418E67FE00056318D /* _66AppDelegate.m */ = {isa = PBXFileReference; lastKnownFileType = sourcecode.c.objc; path = _66AppDelegate.m; sourceTree = "<group>"; };
		EC658D1718E67FE00056318D /* Base */ = {isa = PBXFileReference; lastKnownFileType = file.storyboard; name = Base; path = Base.lproj/Main_iPhone.storyboard; sourceTree = "<group>"; };
		EC658D1A18E67FE00056318D /* Base */ = {isa = PBXFileReference; lastKnownFileType = file.storyboard; name = Base; path = Base.lproj/Main_iPad.storyboard; sourceTree = "<group>"; };
		EC658D1C18E67FE00056318D /* _66ViewController.h */ = {isa = PBXFileReference; lastKnownFileType = sourcecode.c.h; path = _66ViewController.h; sourceTree = "<group>"; };
		EC658D1D18E67FE00056318D /* _66ViewController.m */ = {isa = PBXFileReference; lastKnownFileType = sourcecode.c.objc; path = _66ViewController.m; sourceTree = "<group>"; };
		EC658D1F18E67FE00056318D /* Images.xcassets */ = {isa = PBXFileReference; lastKnownFileType = folder.assetcatalog; path = Images.xcassets; sourceTree = "<group>"; };
		EC658D2518E67FE00056318D /* HackatonTests.xctest */ = {isa = PBXFileReference; explicitFileType = wrapper.cfbundle; includeInIndex = 0; path = HackatonTests.xctest; sourceTree = BUILT_PRODUCTS_DIR; };
		EC658D2618E67FE00056318D /* XCTest.framework */ = {isa = PBXFileReference; lastKnownFileType = wrapper.framework; name = XCTest.framework; path = Library/Frameworks/XCTest.framework; sourceTree = DEVELOPER_DIR; };
		EC658D2E18E67FE00056318D /* HackatonTests-Info.plist */ = {isa = PBXFileReference; lastKnownFileType = text.plist.xml; path = "HackatonTests-Info.plist"; sourceTree = "<group>"; };
		EC658D3018E67FE00056318D /* en */ = {isa = PBXFileReference; lastKnownFileType = text.plist.strings; name = en; path = en.lproj/InfoPlist.strings; sourceTree = "<group>"; };
		EC658D3218E67FE00056318D /* HackatonTests.m */ = {isa = PBXFileReference; lastKnownFileType = sourcecode.c.objc; path = HackatonTests.m; sourceTree = "<group>"; };
/* End PBXFileReference section */

/* Begin PBXFrameworksBuildPhase section */
		EC658CFE18E67FE00056318D /* Frameworks */ = {
			isa = PBXFrameworksBuildPhase;
			buildActionMask = 2147483647;
			files = (
				EC658D0718E67FE00056318D /* CoreGraphics.framework in Frameworks */,
				EC658D0918E67FE00056318D /* UIKit.framework in Frameworks */,
				EC658D0518E67FE00056318D /* Foundation.framework in Frameworks */,
			);
			runOnlyForDeploymentPostprocessing = 0;
		};
		EC658D2218E67FE00056318D /* Frameworks */ = {
			isa = PBXFrameworksBuildPhase;
			buildActionMask = 2147483647;
			files = (
				EC658D2718E67FE00056318D /* XCTest.framework in Frameworks */,
				EC658D2918E67FE00056318D /* UIKit.framework in Frameworks */,
				EC658D2818E67FE00056318D /* Foundation.framework in Frameworks */,
			);
			runOnlyForDeploymentPostprocessing = 0;
		};
/* End PBXFrameworksBuildPhase section */

/* Begin PBXGroup section */
		EC658CF818E67FDF0056318D = {
			isa = PBXGroup;
			children = (
				EC658D0A18E67FE00056318D /* Hackaton */,
				EC658D2C18E67FE00056318D /* HackatonTests */,
				EC658D0318E67FE00056318D /* Frameworks */,
				EC658D0218E67FE00056318D /* Products */,
			);
			sourceTree = "<group>";
		};
		EC658D0218E67FE00056318D /* Products */ = {
			isa = PBXGroup;
			children = (
				EC658D0118E67FE00056318D /* Hackaton.app */,
				EC658D2518E67FE00056318D /* HackatonTests.xctest */,
			);
			name = Products;
			sourceTree = "<group>";
		};
		EC658D0318E67FE00056318D /* Frameworks */ = {
			isa = PBXGroup;
			children = (
				EC658D0418E67FE00056318D /* Foundation.framework */,
				EC658D0618E67FE00056318D /* CoreGraphics.framework */,
				EC658D0818E67FE00056318D /* UIKit.framework */,
				EC658D2618E67FE00056318D /* XCTest.framework */,
			);
			name = Frameworks;
			sourceTree = "<group>";
		};
		EC658D0A18E67FE00056318D /* Hackaton */ = {
			isa = PBXGroup;
			children = (
				EC658D1318E67FE00056318D /* _66AppDelegate.h */,
				EC658D1418E67FE00056318D /* _66AppDelegate.m */,
				EC658D1618E67FE00056318D /* Main_iPhone.storyboard */,
				EC658D1918E67FE00056318D /* Main_iPad.storyboard */,
				EC658D1C18E67FE00056318D /* _66ViewController.h */,
				EC658D1D18E67FE00056318D /* _66ViewController.m */,
				EC658D1F18E67FE00056318D /* Images.xcassets */,
				EC658D0B18E67FE00056318D /* Supporting Files */,
			);
			path = Hackaton;
			sourceTree = "<group>";
		};
		EC658D0B18E67FE00056318D /* Supporting Files */ = {
			isa = PBXGroup;
			children = (
				EC658D0C18E67FE00056318D /* Hackaton-Info.plist */,
				EC658D0D18E67FE00056318D /* InfoPlist.strings */,
				EC658D1018E67FE00056318D /* main.m */,
				EC658D1218E67FE00056318D /* Hackaton-Prefix.pch */,
			);
			name = "Supporting Files";
			sourceTree = "<group>";
		};
		EC658D2C18E67FE00056318D /* HackatonTests */ = {
			isa = PBXGroup;
			children = (
				EC658D3218E67FE00056318D /* HackatonTests.m */,
				EC658D2D18E67FE00056318D /* Supporting Files */,
			);
			path = HackatonTests;
			sourceTree = "<group>";
		};
		EC658D2D18E67FE00056318D /* Supporting Files */ = {
			isa = PBXGroup;
			children = (
				EC658D2E18E67FE00056318D /* HackatonTests-Info.plist */,
				EC658D2F18E67FE00056318D /* InfoPlist.strings */,
			);
			name = "Supporting Files";
			sourceTree = "<group>";
		};
/* End PBXGroup section */

/* Begin PBXNativeTarget section */
		EC658D0018E67FE00056318D /* Hackaton */ = {
			isa = PBXNativeTarget;
			buildConfigurationList = EC658D3618E67FE00056318D /* Build configuration list for PBXNativeTarget "Hackaton" */;
			buildPhases = (
				EC658CFD18E67FE00056318D /* Sources */,
				EC658CFE18E67FE00056318D /* Frameworks */,
				EC658CFF18E67FE00056318D /* Resources */,
			);
			buildRules = (
			);
			dependencies = (
			);
			name = Hackaton;
			productName = Hackaton;
			productReference = EC658D0118E67FE00056318D /* Hackaton.app */;
			productType = "com.apple.product-type.application";
		};
		EC658D2418E67FE00056318D /* HackatonTests */ = {
			isa = PBXNativeTarget;
			buildConfigurationList = EC658D3918E67FE00056318D /* Build configuration list for PBXNativeTarget "HackatonTests" */;
			buildPhases = (
				EC658D2118E67FE00056318D /* Sources */,
				EC658D2218E67FE00056318D /* Frameworks */,
				EC658D2318E67FE00056318D /* Resources */,
			);
			buildRules = (
			);
			dependencies = (
				EC658D2B18E67FE00056318D /* PBXTargetDependency */,
			);
			name = HackatonTests;
			productName = HackatonTests;
			productReference = EC658D2518E67FE00056318D /* HackatonTests.xctest */;
			productType = "com.apple.product-type.bundle.unit-test";
		};
/* End PBXNativeTarget section */

/* Begin PBXProject section */
		EC658CF918E67FDF0056318D /* Project object */ = {
			isa = PBXProject;
			attributes = {
				CLASSPREFIX = 666;
				LastUpgradeCheck = 0510;
				ORGANIZATIONNAME = jomobile.co;
				TargetAttributes = {
					EC658D2418E67FE00056318D = {
						TestTargetID = EC658D0018E67FE00056318D;
					};
				};
			};
			buildConfigurationList = EC658CFC18E67FDF0056318D /* Build configuration list for PBXProject "Hackaton" */;
			compatibilityVersion = "Xcode 3.2";
			developmentRegion = English;
			hasScannedForEncodings = 0;
			knownRegions = (
				en,
				Base,
			);
			mainGroup = EC658CF818E67FDF0056318D;
			productRefGroup = EC658D0218E67FE00056318D /* Products */;
			projectDirPath = "";
			projectRoot = "";
			targets = (
				EC658D0018E67FE00056318D /* Hackaton */,
				EC658D2418E67FE00056318D /* HackatonTests */,
			);
		};
/* End PBXProject section */

/* Begin PBXResourcesBuildPhase section */
		EC658CFF18E67FE00056318D /* Resources */ = {
			isa = PBXResourcesBuildPhase;
			buildActionMask = 2147483647;
			files = (
				EC658D1B18E67FE00056318D /* Main_iPad.storyboard in Resources */,
				EC658D2018E67FE00056318D /* Images.xcassets in Resources */,
				EC658D1818E67FE00056318D /* Main_iPhone.storyboard in Resources */,
				EC658D0F18E67FE00056318D /* InfoPlist.strings in Resources */,
			);
			runOnlyForDeploymentPostprocessing = 0;
		};
		EC658D2318E67FE00056318D /* Resources */ = {
			isa = PBXResourcesBuildPhase;
			buildActionMask = 2147483647;
			files = (
				EC658D3118E67FE00056318D /* InfoPlist.strings in Resources */,
			);
			runOnlyForDeploymentPostprocessing = 0;
		};
/* End PBXResourcesBuildPhase section */

/* Begin PBXSourcesBuildPhase section */
		EC658CFD18E67FE00056318D /* Sources */ = {
			isa = PBXSourcesBuildPhase;
			buildActionMask = 2147483647;
			files = (
				EC658D1518E67FE00056318D /* _66AppDelegate.m in Sources */,
				EC658D1E18E67FE00056318D /* _66ViewController.m in Sources */,
				EC658D1118E67FE00056318D /* main.m in Sources */,
			);
			runOnlyForDeploymentPostprocessing = 0;
		};
		EC658D2118E67FE00056318D /* Sources */ = {
			isa = PBXSourcesBuildPhase;
			buildActionMask = 2147483647;
			files = (
				EC658D3318E67FE00056318D /* HackatonTests.m in Sources */,
			);
			runOnlyForDeploymentPostprocessing = 0;
		};
/* End PBXSourcesBuildPhase section */

/* Begin PBXTargetDependency section */
		EC658D2B18E67FE00056318D /* PBXTargetDependency */ = {
			isa = PBXTargetDependency;
			target = EC658D0018E67FE00056318D /* Hackaton */;
			targetProxy = EC658D2A18E67FE00056318D /* PBXContainerItemProxy */;
		};
/* End PBXTargetDependency section */

/* Begin PBXVariantGroup section */
		EC658D0D18E67FE00056318D /* InfoPlist.strings */ = {
			isa = PBXVariantGroup;
			children = (
				EC658D0E18E67FE00056318D /* en */,
			);
			name = InfoPlist.strings;
			sourceTree = "<group>";
		};
		EC658D1618E67FE00056318D /* Main_iPhone.storyboard */ = {
			isa = PBXVariantGroup;
			children = (
				EC658D1718E67FE00056318D /* Base */,
			);
			name = Main_iPhone.storyboard;
			sourceTree = "<group>";
		};
		EC658D1918E67FE00056318D /* Main_iPad.storyboard */ = {
			isa = PBXVariantGroup;
			children = (
				EC658D1A18E67FE00056318D /* Base */,
			);
			name = Main_iPad.storyboard;
			sourceTree = "<group>";
		};
		EC658D2F18E67FE00056318D /* InfoPlist.strings */ = {
			isa = PBXVariantGroup;
			children = (
				EC658D3018E67FE00056318D /* en */,
			);
			name = InfoPlist.strings;
			sourceTree = "<group>";
		};
/* End PBXVariantGroup section */

/* Begin XCBuildConfiguration section */
		EC658D3418E67FE00056318D /* Debug */ = {
			isa = XCBuildConfiguration;
			buildSettings = {
				ALWAYS_SEARCH_USER_PATHS = NO;
				CLANG_CXX_LANGUAGE_STANDARD = "gnu++0x";
				CLANG_CXX_LIBRARY = "libc++";
				CLANG_ENABLE_MODULES = YES;
				CLANG_ENABLE_OBJC_ARC = YES;
				CLANG_WARN_BOOL_CONVERSION = YES;
				CLANG_WARN_CONSTANT_CONVERSION = YES;
				CLANG_WARN_DIRECT_OBJC_ISA_USAGE = YES_ERROR;
				CLANG_WARN_EMPTY_BODY = YES;
				CLANG_WARN_ENUM_CONVERSION = YES;
				CLANG_WARN_INT_CONVERSION = YES;
				CLANG_WARN_OBJC_ROOT_CLASS = YES_ERROR;
				CLANG_WARN__DUPLICATE_METHOD_MATCH = YES;
				"CODE_SIGN_IDENTITY[sdk=iphoneos*]" = "iPhone Developer";
				COPY_PHASE_STRIP = NO;
				GCC_C_LANGUAGE_STANDARD = gnu99;
				GCC_DYNAMIC_NO_PIC = NO;
				GCC_OPTIMIZATION_LEVEL = 0;
				GCC_PREPROCESSOR_DEFINITIONS = (
					"DEBUG=1",
					"$(inherited)",
				);
				GCC_SYMBOLS_PRIVATE_EXTERN = NO;
				GCC_WARN_64_TO_32_BIT_CONVERSION = YES;
				GCC_WARN_ABOUT_RETURN_TYPE = YES_ERROR;
				GCC_WARN_UNDECLARED_SELECTOR = YES;
				GCC_WARN_UNINITIALIZED_AUTOS = YES_AGGRESSIVE;
				GCC_WARN_UNUSED_FUNCTION = YES;
				GCC_WARN_UNUSED_VARIABLE = YES;
				IPHONEOS_DEPLOYMENT_TARGET = 7.1;
				ONLY_ACTIVE_ARCH = YES;
				SDKROOT = iphoneos;
				TARGETED_DEVICE_FAMILY = "1,2";
			};
			name = Debug;
		};
		EC658D3518E67FE00056318D /* Release */ = {
			isa = XCBuildConfiguration;
			buildSettings = {
				ALWAYS_SEARCH_USER_PATHS = NO;
				CLANG_CXX_LANGUAGE_STANDARD = "gnu++0x";
				CLANG_CXX_LIBRARY = "libc++";
				CLANG_ENABLE_MODULES = YES;
				CLANG_ENABLE_OBJC_ARC = YES;
				CLANG_WARN_BOOL_CONVERSION = YES;
				CLANG_WARN_CONSTANT_CONVERSION = YES;
				CLANG_WARN_DIRECT_OBJC_ISA_USAGE = YES_ERROR;
				CLANG_WARN_EMPTY_BODY = YES;
				CLANG_WARN_ENUM_CONVERSION = YES;
				CLANG_WARN_INT_CONVERSION = YES;
				CLANG_WARN_OBJC_ROOT_CLASS = YES_ERROR;
				CLANG_WARN__DUPLICATE_METHOD_MATCH = YES;
				"CODE_SIGN_IDENTITY[sdk=iphoneos*]" = "iPhone Developer";
				COPY_PHASE_STRIP = YES;
				ENABLE_NS_ASSERTIONS = NO;
				GCC_C_LANGUAGE_STANDARD = gnu99;
				GCC_WARN_64_TO_32_BIT_CONVERSION = YES;
				GCC_WARN_ABOUT_RETURN_TYPE = YES_ERROR;
				GCC_WARN_UNDECLARED_SELECTOR = YES;
				GCC_WARN_UNINITIALIZED_AUTOS = YES_AGGRESSIVE;
				GCC_WARN_UNUSED_FUNCTION = YES;
				GCC_WARN_UNUSED_VARIABLE = YES;
				IPHONEOS_DEPLOYMENT_TARGET = 7.1;
				SDKROOT = iphoneos;
				TARGETED_DEVICE_FAMILY = "1,2";
				VALIDATE_PRODUCT = YES;
			};
			name = Release;
		};
		EC658D3718E67FE00056318D /* Debug */ = {
			isa = XCBuildConfiguration;
			buildSettings = {
				ASSETCATALOG_COMPILER_APPICON_NAME = AppIcon;
				ASSETCATALOG_COMPILER_LAUNCHIMAGE_NAME = LaunchImage;
				GCC_PRECOMPILE_PREFIX_HEADER = YES;
				GCC_PREFIX_HEADER = "Hackaton/Hackaton-Prefix.pch";
				INFOPLIST_FILE = "Hackaton/Hackaton-Info.plist";
				PRODUCT_NAME = "$(TARGET_NAME)";
				WRAPPER_EXTENSION = app;
			};
			name = Debug;
		};
		EC658D3818E67FE00056318D /* Release */ = {
			isa = XCBuildConfiguration;
			buildSettings = {
				ASSETCATALOG_COMPILER_APPICON_NAME = AppIcon;
				ASSETCATALOG_COMPILER_LAUNCHIMAGE_NAME = LaunchImage;
				GCC_PRECOMPILE_PREFIX_HEADER = YES;
				GCC_PREFIX_HEADER = "Hackaton/Hackaton-Prefix.pch";
				INFOPLIST_FILE = "Hackaton/Hackaton-Info.plist";
				PRODUCT_NAME = "$(TARGET_NAME)";
				WRAPPER_EXTENSION = app;
			};
			name = Release;
		};
		EC658D3A18E67FE00056318D /* Debug */ = {
			isa = XCBuildConfiguration;
			buildSettings = {
				BUNDLE_LOADER = "$(BUILT_PRODUCTS_DIR)/Hackaton.app/Hackaton";
				FRAMEWORK_SEARCH_PATHS = (
					"$(SDKROOT)/Developer/Library/Frameworks",
					"$(inherited)",
					"$(DEVELOPER_FRAMEWORKS_DIR)",
				);
				GCC_PRECOMPILE_PREFIX_HEADER = YES;
				GCC_PREFIX_HEADER = "Hackaton/Hackaton-Prefix.pch";
				GCC_PREPROCESSOR_DEFINITIONS = (
					"DEBUG=1",
					"$(inherited)",
				);
				INFOPLIST_FILE = "HackatonTests/HackatonTests-Info.plist";
				PRODUCT_NAME = "$(TARGET_NAME)";
				TEST_HOST = "$(BUNDLE_LOADER)";
				WRAPPER_EXTENSION = xctest;
			};
			name = Debug;
		};
		EC658D3B18E67FE00056318D /* Release */ = {
			isa = XCBuildConfiguration;
			buildSettings = {
				BUNDLE_LOADER = "$(BUILT_PRODUCTS_DIR)/Hackaton.app/Hackaton";
				FRAMEWORK_SEARCH_PATHS = (
					"$(SDKROOT)/Developer/Library/Frameworks",
					"$(inherited)",
					"$(DEVELOPER_FRAMEWORKS_DIR)",
				);
				GCC_PRECOMPILE_PREFIX_HEADER = YES;
				GCC_PREFIX_HEADER = "Hackaton/Hackaton-Prefix.pch";
				INFOPLIST_FILE = "HackatonTests/HackatonTests-Info.plist";
				PRODUCT_NAME = "$(TARGET_NAME)";
				TEST_HOST = "$(BUNDLE_LOADER)";
				WRAPPER_EXTENSION = xctest;
			};
			name = Release;
		};
/* End XCBuildConfiguration section */

/* Begin XCConfigurationList section */
		EC658CFC18E67FDF0056318D /* Build configuration list for PBXProject "Hackaton" */ = {
			isa = XCConfigurationList;
			buildConfigurations = (
				EC658D3418E67FE00056318D /* Debug */,
				EC658D3518E67FE00056318D /* Release */,
			);
			defaultConfigurationIsVisible = 0;
			defaultConfigurationName = Release;
		};
		EC658D3618E67FE00056318D /* Build configuration list for PBXNativeTarget "Hackaton" */ = {
			isa = XCConfigurationList;
			buildConfigurations = (
				EC658D3718E67FE00056318D /* Debug */,
				EC658D3818E67FE00056318D /* Release */,
			);
			defaultConfigurationIsVisible = 0;
		};
		EC658D3918E67FE00056318D /* Build configuration list for PBXNativeTarget "HackatonTests" */ = {
			isa = XCConfigurationList;
			buildConfigurations = (
				EC658D3A18E67FE00056318D /* Debug */,
				EC658D3B18E67FE00056318D /* Release */,
			);
			defaultConfigurationIsVisible = 0;
		};
/* End XCConfigurationList section */
	};
	rootObject = EC658CF918E67FDF0056318D /* Project object */;
}
